
Microsoft Visual Studio Solution File, Format Version 11.00
# Visual Studio 2010
# SharpDevelop 4.4
Project("{2150E333-8FDC-42A3-9474-1A3956D46DE8}") = "UnitTest", "UnitTest", "{A24FCB0B-198A-4BFE-991F-2A14B909F809}"
	ProjectSection(SolutionItems) = postProject
	EndProjectSection
EndProject
Project("{FAE04EC0-301F-11D3-BF4B-00C04F79EFBC}") = "Pineapple.Core.Test", "UnitTest\Pineapple.Core.Test\Pineapple.Core.Test.csproj", "{CA56F12A-FFAF-4001-BD06-126210DD9458}"
EndProject
Project("{FAE04EC0-301F-11D3-BF4B-00C04F79EFBC}") = "Pineapple.ConsoleTest", "UnitTest\Pineapple.ConsoleTest\Pineapple.ConsoleTest.csproj", "{B72ABFE5-0E70-4E06-A2B3-9A0799B066E7}"
EndProject
Project("{FAE04EC0-301F-11D3-BF4B-00C04F79EFBC}") = "Pineapple.Business", "Pineapple.Business\Pineapple.Business.csproj", "{32DD754C-B0D0-4EA8-8BFA-7ABEC705E73A}"
EndProject
Project("{FAE04EC0-301F-11D3-BF4B-00C04F79EFBC}") = "Pineapple.Core", "Pineapple.Core\Pineapple.Core.csproj", "{2957A855-C7F3-446F-BEF6-6CCF5FC19A3E}"
EndProject
Project("{FAE04EC0-301F-11D3-BF4B-00C04F79EFBC}") = "Pineapple.Data", "Pineapple.Data\Pineapple.Data.csproj", "{00A9B7AD-9747-4F30-BCD5-7BF3EF29801D}"
EndProject
Project("{FAE04EC0-301F-11D3-BF4B-00C04F79EFBC}") = "Pineapple.Model", "Pineapple.Model\Pineapple.Model.csproj", "{8DBCE0D3-ACC5-49F3-AD7B-20F7A9CC80AE}"
EndProject
Project("{FAE04EC0-301F-11D3-BF4B-00C04F79EFBC}") = "Pineapple.Service", "Pineapple.Service\Pineapple.Service.csproj", "{96D9E5D1-800E-4082-AE8C-A04B6DAA34A4}"
EndProject
Project("{FAE04EC0-301F-11D3-BF4B-00C04F79EFBC}") = "Pineapple.WebSite", "Pineapple.WebSite\Pineapple.WebSite.csproj", "{45048224-C98F-46D8-832A-BCED11476C33}"
EndProject
Project("{FAE04EC0-301F-11D3-BF4B-00C04F79EFBC}") = "Dapper", "Dapper\Dapper.csproj", "{B01E3FE2-201D-4C7D-A489-0A3DB676AAC5}"
EndProject
Project("{FAE04EC0-301F-11D3-BF4B-00C04F79EFBC}") = "Pineapple.Data.Sqlite", "Pineapple.Data.Sqlite\Pineapple.Data.Sqlite.csproj", "{6E301021-FFBE-430E-AE30-743EF4A250FF}"
EndProject
Project("{FAE04EC0-301F-11D3-BF4B-00C04F79EFBC}") = "Pineapple.View", "Pineapple.View\Pineapple.View.csproj", "{C00CDF33-AF60-46EE-B198-5178F04662CE}"
EndProject
Project("{FAE04EC0-301F-11D3-BF4B-00C04F79EFBC}") = "Pineapple.Core.Web", "Pineapple.Core.Web\Pineapple.Core.Web.csproj", "{E5125552-1045-4C55-9DA8-8ABD73D22EFC}"
EndProject
Global
	GlobalSection(SolutionConfigurationPlatforms) = preSolution
		Debug|Any CPU = Debug|Any CPU
		Debug|x64 = Debug|x64
		Debug|x86 = Debug|x86
		Release|Any CPU = Release|Any CPU
		Release|x64 = Release|x64
		Release|x86 = Release|x86
	EndGlobalSection
	GlobalSection(ProjectConfigurationPlatforms) = postSolution
		{32DD754C-B0D0-4EA8-8BFA-7ABEC705E73A}.Debug|Any CPU.ActiveCfg = Debug|Any CPU
		{32DD754C-B0D0-4EA8-8BFA-7ABEC705E73A}.Debug|Any CPU.Build.0 = Debug|Any CPU
		{32DD754C-B0D0-4EA8-8BFA-7ABEC705E73A}.Debug|x64.ActiveCfg = Debug|Any CPU
		{32DD754C-B0D0-4EA8-8BFA-7ABEC705E73A}.Debug|x86.ActiveCfg = Debug|x86
		{32DD754C-B0D0-4EA8-8BFA-7ABEC705E73A}.Debug|x86.Build.0 = Debug|x86
		{32DD754C-B0D0-4EA8-8BFA-7ABEC705E73A}.Release|Any CPU.ActiveCfg = Release|Any CPU
		{32DD754C-B0D0-4EA8-8BFA-7ABEC705E73A}.Release|Any CPU.Build.0 = Release|Any CPU
		{32DD754C-B0D0-4EA8-8BFA-7ABEC705E73A}.Release|x64.ActiveCfg = Release|Any CPU
		{32DD754C-B0D0-4EA8-8BFA-7ABEC705E73A}.Release|x86.ActiveCfg = Release|x86
		{32DD754C-B0D0-4EA8-8BFA-7ABEC705E73A}.Release|x86.Build.0 = Release|x86
		{2957A855-C7F3-446F-BEF6-6CCF5FC19A3E}.Debug|Any CPU.ActiveCfg = Debug|Any CPU
		{2957A855-C7F3-446F-BEF6-6CCF5FC19A3E}.Debug|Any CPU.Build.0 = Debug|Any CPU
		{2957A855-C7F3-446F-BEF6-6CCF5FC19A3E}.Debug|x64.ActiveCfg = Debug|Any CPU
		{2957A855-C7F3-446F-BEF6-6CCF5FC19A3E}.Debug|x86.ActiveCfg = Debug|x86
		{2957A855-C7F3-446F-BEF6-6CCF5FC19A3E}.Debug|x86.Build.0 = Debug|x86
		{2957A855-C7F3-446F-BEF6-6CCF5FC19A3E}.Release|Any CPU.ActiveCfg = Release|Any CPU
		{2957A855-C7F3-446F-BEF6-6CCF5FC19A3E}.Release|Any CPU.Build.0 = Release|Any CPU
		{2957A855-C7F3-446F-BEF6-6CCF5FC19A3E}.Release|x64.ActiveCfg = Release|Any CPU
		{2957A855-C7F3-446F-BEF6-6CCF5FC19A3E}.Release|x86.ActiveCfg = Release|x86
		{2957A855-C7F3-446F-BEF6-6CCF5FC19A3E}.Release|x86.Build.0 = Release|x86
		{00A9B7AD-9747-4F30-BCD5-7BF3EF29801D}.Debug|Any CPU.ActiveCfg = Debug|Any CPU
		{00A9B7AD-9747-4F30-BCD5-7BF3EF29801D}.Debug|Any CPU.Build.0 = Debug|Any CPU
		{00A9B7AD-9747-4F30-BCD5-7BF3EF29801D}.Debug|x64.ActiveCfg = Debug|Any CPU
		{00A9B7AD-9747-4F30-BCD5-7BF3EF29801D}.Debug|x86.ActiveCfg = Debug|x86
		{00A9B7AD-9747-4F30-BCD5-7BF3EF29801D}.Debug|x86.Build.0 = Debug|x86
		{00A9B7AD-9747-4F30-BCD5-7BF3EF29801D}.Release|Any CPU.ActiveCfg = Release|Any CPU
		{00A9B7AD-9747-4F30-BCD5-7BF3EF29801D}.Release|Any CPU.Build.0 = Release|Any CPU
		{00A9B7AD-9747-4F30-BCD5-7BF3EF29801D}.Release|x64.ActiveCfg = Release|Any CPU
		{00A9B7AD-9747-4F30-BCD5-7BF3EF29801D}.Release|x86.ActiveCfg = Release|x86
		{00A9B7AD-9747-4F30-BCD5-7BF3EF29801D}.Release|x86.Build.0 = Release|x86
		{8DBCE0D3-ACC5-49F3-AD7B-20F7A9CC80AE}.Debug|Any CPU.ActiveCfg = Debug|Any CPU
		{8DBCE0D3-ACC5-49F3-AD7B-20F7A9CC80AE}.Debug|Any CPU.Build.0 = Debug|Any CPU
		{8DBCE0D3-ACC5-49F3-AD7B-20F7A9CC80AE}.Debug|x64.ActiveCfg = Debug|Any CPU
		{8DBCE0D3-ACC5-49F3-AD7B-20F7A9CC80AE}.Debug|x86.ActiveCfg = Debug|x86
		{8DBCE0D3-ACC5-49F3-AD7B-20F7A9CC80AE}.Debug|x86.Build.0 = Debug|x86
		{8DBCE0D3-ACC5-49F3-AD7B-20F7A9CC80AE}.Release|Any CPU.ActiveCfg = Release|Any CPU
		{8DBCE0D3-ACC5-49F3-AD7B-20F7A9CC80AE}.Release|Any CPU.Build.0 = Release|Any CPU
		{8DBCE0D3-ACC5-49F3-AD7B-20F7A9CC80AE}.Release|x64.ActiveCfg = Release|Any CPU
		{8DBCE0D3-ACC5-49F3-AD7B-20F7A9CC80AE}.Release|x86.ActiveCfg = Release|x86
		{8DBCE0D3-ACC5-49F3-AD7B-20F7A9CC80AE}.Release|x86.Build.0 = Release|x86
		{96D9E5D1-800E-4082-AE8C-A04B6DAA34A4}.Debug|Any CPU.ActiveCfg = Debug|Any CPU
		{96D9E5D1-800E-4082-AE8C-A04B6DAA34A4}.Debug|Any CPU.Build.0 = Debug|Any CPU
		{96D9E5D1-800E-4082-AE8C-A04B6DAA34A4}.Debug|x64.ActiveCfg = Debug|Any CPU
		{96D9E5D1-800E-4082-AE8C-A04B6DAA34A4}.Debug|x86.ActiveCfg = Debug|x86
		{96D9E5D1-800E-4082-AE8C-A04B6DAA34A4}.Debug|x86.Build.0 = Debug|x86
		{96D9E5D1-800E-4082-AE8C-A04B6DAA34A4}.Release|Any CPU.ActiveCfg = Release|Any CPU
		{96D9E5D1-800E-4082-AE8C-A04B6DAA34A4}.Release|Any CPU.Build.0 = Release|Any CPU
		{96D9E5D1-800E-4082-AE8C-A04B6DAA34A4}.Release|x64.ActiveCfg = Release|Any CPU
		{96D9E5D1-800E-4082-AE8C-A04B6DAA34A4}.Release|x86.ActiveCfg = Release|x86
		{96D9E5D1-800E-4082-AE8C-A04B6DAA34A4}.Release|x86.Build.0 = Release|x86
		{45048224-C98F-46D8-832A-BCED11476C33}.Debug|Any CPU.ActiveCfg = Debug|Any CPU
		{45048224-C98F-46D8-832A-BCED11476C33}.Debug|Any CPU.Build.0 = Debug|Any CPU
		{45048224-C98F-46D8-832A-BCED11476C33}.Debug|x64.ActiveCfg = Debug|Any CPU
		{45048224-C98F-46D8-832A-BCED11476C33}.Debug|x86.ActiveCfg = Debug|x86
		{45048224-C98F-46D8-832A-BCED11476C33}.Debug|x86.Build.0 = Debug|x86
		{45048224-C98F-46D8-832A-BCED11476C33}.Release|Any CPU.ActiveCfg = Release|Any CPU
		{45048224-C98F-46D8-832A-BCED11476C33}.Release|Any CPU.Build.0 = Release|Any CPU
		{45048224-C98F-46D8-832A-BCED11476C33}.Release|x64.ActiveCfg = Release|Any CPU
		{45048224-C98F-46D8-832A-BCED11476C33}.Release|x86.ActiveCfg = Release|Any CPU
		{CA56F12A-FFAF-4001-BD06-126210DD9458}.Debug|Any CPU.ActiveCfg = Debug|Any CPU
		{CA56F12A-FFAF-4001-BD06-126210DD9458}.Debug|Any CPU.Build.0 = Debug|Any CPU
		{CA56F12A-FFAF-4001-BD06-126210DD9458}.Debug|x64.ActiveCfg = Debug|Any CPU
		{CA56F12A-FFAF-4001-BD06-126210DD9458}.Debug|x86.ActiveCfg = Debug|x86
		{CA56F12A-FFAF-4001-BD06-126210DD9458}.Debug|x86.Build.0 = Debug|x86
		{CA56F12A-FFAF-4001-BD06-126210DD9458}.Release|Any CPU.ActiveCfg = Release|Any CPU
		{CA56F12A-FFAF-4001-BD06-126210DD9458}.Release|Any CPU.Build.0 = Release|Any CPU
		{CA56F12A-FFAF-4001-BD06-126210DD9458}.Release|x64.ActiveCfg = Release|Any CPU
		{CA56F12A-FFAF-4001-BD06-126210DD9458}.Release|x86.ActiveCfg = Release|Any CPU
		{B72ABFE5-0E70-4E06-A2B3-9A0799B066E7}.Debug|Any CPU.ActiveCfg = Debug|Any CPU
		{B72ABFE5-0E70-4E06-A2B3-9A0799B066E7}.Debug|Any CPU.Build.0 = Debug|Any CPU
		{B72ABFE5-0E70-4E06-A2B3-9A0799B066E7}.Debug|x64.ActiveCfg = Debug|Any CPU
		{B72ABFE5-0E70-4E06-A2B3-9A0799B066E7}.Debug|x86.ActiveCfg = Debug|x86
		{B72ABFE5-0E70-4E06-A2B3-9A0799B066E7}.Debug|x86.Build.0 = Debug|x86
		{B72ABFE5-0E70-4E06-A2B3-9A0799B066E7}.Release|Any CPU.ActiveCfg = Release|Any CPU
		{B72ABFE5-0E70-4E06-A2B3-9A0799B066E7}.Release|Any CPU.Build.0 = Release|Any CPU
		{B72ABFE5-0E70-4E06-A2B3-9A0799B066E7}.Release|x64.ActiveCfg = Release|Any CPU
		{B72ABFE5-0E70-4E06-A2B3-9A0799B066E7}.Release|x86.ActiveCfg = Release|x86
		{B72ABFE5-0E70-4E06-A2B3-9A0799B066E7}.Release|x86.Build.0 = Release|x86
		{B01E3FE2-201D-4C7D-A489-0A3DB676AAC5}.Debug|Any CPU.ActiveCfg = Debug|Any CPU
		{B01E3FE2-201D-4C7D-A489-0A3DB676AAC5}.Debug|Any CPU.Build.0 = Debug|Any CPU
		{B01E3FE2-201D-4C7D-A489-0A3DB676AAC5}.Debug|x64.ActiveCfg = Debug|x64
		{B01E3FE2-201D-4C7D-A489-0A3DB676AAC5}.Debug|x64.Build.0 = Debug|x64
		{B01E3FE2-201D-4C7D-A489-0A3DB676AAC5}.Debug|x86.ActiveCfg = Debug|x86
		{B01E3FE2-201D-4C7D-A489-0A3DB676AAC5}.Debug|x86.Build.0 = Debug|x86
		{B01E3FE2-201D-4C7D-A489-0A3DB676AAC5}.Release|Any CPU.ActiveCfg = Release|Any CPU
		{B01E3FE2-201D-4C7D-A489-0A3DB676AAC5}.Release|Any CPU.Build.0 = Release|Any CPU
		{B01E3FE2-201D-4C7D-A489-0A3DB676AAC5}.Release|x64.ActiveCfg = Release|x64
		{B01E3FE2-201D-4C7D-A489-0A3DB676AAC5}.Release|x64.Build.0 = Release|x64
		{B01E3FE2-201D-4C7D-A489-0A3DB676AAC5}.Release|x86.ActiveCfg = Release|x86
		{B01E3FE2-201D-4C7D-A489-0A3DB676AAC5}.Release|x86.Build.0 = Release|x86
		{6E301021-FFBE-430E-AE30-743EF4A250FF}.Debug|Any CPU.ActiveCfg = Debug|Any CPU
		{6E301021-FFBE-430E-AE30-743EF4A250FF}.Debug|Any CPU.Build.0 = Debug|Any CPU
		{6E301021-FFBE-430E-AE30-743EF4A250FF}.Debug|x64.ActiveCfg = Debug|Any CPU
		{6E301021-FFBE-430E-AE30-743EF4A250FF}.Debug|x86.ActiveCfg = Debug|x86
		{6E301021-FFBE-430E-AE30-743EF4A250FF}.Debug|x86.Build.0 = Debug|x86
		{6E301021-FFBE-430E-AE30-743EF4A250FF}.Release|Any CPU.ActiveCfg = Release|Any CPU
		{6E301021-FFBE-430E-AE30-743EF4A250FF}.Release|Any CPU.Build.0 = Release|Any CPU
		{6E301021-FFBE-430E-AE30-743EF4A250FF}.Release|x64.ActiveCfg = Release|Any CPU
		{6E301021-FFBE-430E-AE30-743EF4A250FF}.Release|x86.ActiveCfg = Release|x86
		{6E301021-FFBE-430E-AE30-743EF4A250FF}.Release|x86.Build.0 = Release|x86
		{C00CDF33-AF60-46EE-B198-5178F04662CE}.Debug|Any CPU.ActiveCfg = Debug|Any CPU
		{C00CDF33-AF60-46EE-B198-5178F04662CE}.Debug|Any CPU.Build.0 = Debug|Any CPU
		{C00CDF33-AF60-46EE-B198-5178F04662CE}.Debug|x64.ActiveCfg = Debug|Any CPU
		{C00CDF33-AF60-46EE-B198-5178F04662CE}.Debug|x86.ActiveCfg = Debug|x86
		{C00CDF33-AF60-46EE-B198-5178F04662CE}.Debug|x86.Build.0 = Debug|x86
		{C00CDF33-AF60-46EE-B198-5178F04662CE}.Release|Any CPU.ActiveCfg = Release|Any CPU
		{C00CDF33-AF60-46EE-B198-5178F04662CE}.Release|Any CPU.Build.0 = Release|Any CPU
		{C00CDF33-AF60-46EE-B198-5178F04662CE}.Release|x64.ActiveCfg = Release|Any CPU
		{C00CDF33-AF60-46EE-B198-5178F04662CE}.Release|x86.ActiveCfg = Release|x86
		{C00CDF33-AF60-46EE-B198-5178F04662CE}.Release|x86.Build.0 = Release|x86
		{E5125552-1045-4C55-9DA8-8ABD73D22EFC}.Debug|Any CPU.ActiveCfg = Debug|Any CPU
		{E5125552-1045-4C55-9DA8-8ABD73D22EFC}.Debug|Any CPU.Build.0 = Debug|Any CPU
		{E5125552-1045-4C55-9DA8-8ABD73D22EFC}.Debug|x64.ActiveCfg = Debug|Any CPU
		{E5125552-1045-4C55-9DA8-8ABD73D22EFC}.Debug|x86.ActiveCfg = Debug|x86
		{E5125552-1045-4C55-9DA8-8ABD73D22EFC}.Debug|x86.Build.0 = Debug|x86
		{E5125552-1045-4C55-9DA8-8ABD73D22EFC}.Release|Any CPU.ActiveCfg = Release|Any CPU
		{E5125552-1045-4C55-9DA8-8ABD73D22EFC}.Release|Any CPU.Build.0 = Release|Any CPU
		{E5125552-1045-4C55-9DA8-8ABD73D22EFC}.Release|x64.ActiveCfg = Release|Any CPU
		{E5125552-1045-4C55-9DA8-8ABD73D22EFC}.Release|x86.ActiveCfg = Release|x86
		{E5125552-1045-4C55-9DA8-8ABD73D22EFC}.Release|x86.Build.0 = Release|x86
	EndGlobalSection
	GlobalSection(SolutionProperties) = preSolution
		HideSolutionNode = FALSE
	EndGlobalSection
	GlobalSection(NestedProjects) = preSolution
		{CA56F12A-FFAF-4001-BD06-126210DD9458} = {A24FCB0B-198A-4BFE-991F-2A14B909F809}
		{B72ABFE5-0E70-4E06-A2B3-9A0799B066E7} = {A24FCB0B-198A-4BFE-991F-2A14B909F809}
	EndGlobalSection
EndGlobal
